// !$*UTF8*$!
{
	archiveVersion = 1;
	classes = {
	};
	objectVersion = 50;
	objects = {

/* Begin PBXBuildFile section */
		E7CC6EC322A43F94009D8E27 /* AppDelegate.swift in Sources */ = {isa = PBXBuildFile; fileRef = E7CC6EC222A43F94009D8E27 /* AppDelegate.swift */; };
		E7CC6ECB22A43F94009D8E27 /* todoTaskIcon.xcdatamodeld in Sources */ = {isa = PBXBuildFile; fileRef = E7CC6EC922A43F94009D8E27 /* todoTaskIcon.xcdatamodeld */; };
		E7CC6ECD22A43F95009D8E27 /* Assets.xcassets in Resources */ = {isa = PBXBuildFile; fileRef = E7CC6ECC22A43F95009D8E27 /* Assets.xcassets */; };
		E7CC6ED022A43F95009D8E27 /* LaunchScreen.storyboard in Resources */ = {isa = PBXBuildFile; fileRef = E7CC6ECE22A43F95009D8E27 /* LaunchScreen.storyboard */; };
		E7CC6EDE22A4417C009D8E27 /* HomeController.swift in Sources */ = {isa = PBXBuildFile; fileRef = E7CC6ED722A4417C009D8E27 /* HomeController.swift */; };
		E7CC6EDF22A4417C009D8E27 /* Protocols.swift in Sources */ = {isa = PBXBuildFile; fileRef = E7CC6ED822A4417C009D8E27 /* Protocols.swift */; };
		E7CC6EE022A4417C009D8E27 /* HomeView.swift in Sources */ = {isa = PBXBuildFile; fileRef = E7CC6EDA22A4417C009D8E27 /* HomeView.swift */; };
		E7CC6EE122A4417C009D8E27 /* TaskInfo.swift in Sources */ = {isa = PBXBuildFile; fileRef = E7CC6EDB22A4417C009D8E27 /* TaskInfo.swift */; };
		E7CC6EE222A4417C009D8E27 /* TaskMake.swift in Sources */ = {isa = PBXBuildFile; fileRef = E7CC6EDC22A4417C009D8E27 /* TaskMake.swift */; };
		E7CC6EE322A4417C009D8E27 /* Variable.swift in Sources */ = {isa = PBXBuildFile; fileRef = E7CC6EDD22A4417C009D8E27 /* Variable.swift */; };
		E7EACCBD22B468F30063D9BD /* Main.storyboard in Resources */ = {isa = PBXBuildFile; fileRef = E7EACCBC22B468F30063D9BD /* Main.storyboard */; };
/* End PBXBuildFile section */

/* Begin PBXFileReference section */
		E7CC6EBF22A43F94009D8E27 /* todoTaskIcon.app */ = {isa = PBXFileReference; explicitFileType = wrapper.application; includeInIndex = 0; path = todoTaskIcon.app; sourceTree = BUILT_PRODUCTS_DIR; };
		E7CC6EC222A43F94009D8E27 /* AppDelegate.swift */ = {isa = PBXFileReference; lastKnownFileType = sourcecode.swift; path = AppDelegate.swift; sourceTree = "<group>"; };
		E7CC6ECA22A43F94009D8E27 /* todoTaskIcon.xcdatamodel */ = {isa = PBXFileReference; lastKnownFileType = wrapper.xcdatamodel; path = todoTaskIcon.xcdatamodel; sourceTree = "<group>"; };
		E7CC6ECC22A43F95009D8E27 /* Assets.xcassets */ = {isa = PBXFileReference; lastKnownFileType = folder.assetcatalog; path = Assets.xcassets; sourceTree = "<group>"; };
		E7CC6ECF22A43F95009D8E27 /* Base */ = {isa = PBXFileReference; lastKnownFileType = file.storyboard; name = Base; path = Base.lproj/LaunchScreen.storyboard; sourceTree = "<group>"; };
		E7CC6ED122A43F95009D8E27 /* Info.plist */ = {isa = PBXFileReference; lastKnownFileType = text.plist.xml; path = Info.plist; sourceTree = "<group>"; };
		E7CC6ED722A4417C009D8E27 /* HomeController.swift */ = {isa = PBXFileReference; fileEncoding = 4; lastKnownFileType = sourcecode.swift; name = HomeController.swift; path = ../../TaskViewerApp/TaskViewerApp/HomeController.swift; sourceTree = "<group>"; };
		E7CC6ED822A4417C009D8E27 /* Protocols.swift */ = {isa = PBXFileReference; fileEncoding = 4; lastKnownFileType = sourcecode.swift; name = Protocols.swift; path = ../../TaskViewerApp/TaskViewerApp/Protocols.swift; sourceTree = "<group>"; };
		E7CC6EDA22A4417C009D8E27 /* HomeView.swift */ = {isa = PBXFileReference; fileEncoding = 4; lastKnownFileType = sourcecode.swift; path = HomeView.swift; sourceTree = "<group>"; };
		E7CC6EDB22A4417C009D8E27 /* TaskInfo.swift */ = {isa = PBXFileReference; fileEncoding = 4; lastKnownFileType = sourcecode.swift; path = TaskInfo.swift; sourceTree = "<group>"; };
		E7CC6EDC22A4417C009D8E27 /* TaskMake.swift */ = {isa = PBXFileReference; fileEncoding = 4; lastKnownFileType = sourcecode.swift; path = TaskMake.swift; sourceTree = "<group>"; };
		E7CC6EDD22A4417C009D8E27 /* Variable.swift */ = {isa = PBXFileReference; fileEncoding = 4; lastKnownFileType = sourcecode.swift; name = Variable.swift; path = ../../TaskViewerApp/TaskViewerApp/Variable.swift; sourceTree = "<group>"; };
		E7EACCBC22B468F30063D9BD /* Main.storyboard */ = {isa = PBXFileReference; fileEncoding = 4; lastKnownFileType = file.storyboard; path = Main.storyboard; sourceTree = "<group>"; };
/* End PBXFileReference section */

/* Begin PBXFrameworksBuildPhase section */
		E7CC6EBC22A43F94009D8E27 /* Frameworks */ = {
			isa = PBXFrameworksBuildPhase;
			buildActionMask = 2147483647;
			files = (
			);
			runOnlyForDeploymentPostprocessing = 0;
		};
/* End PBXFrameworksBuildPhase section */

/* Begin PBXGroup section */
		E7CC6EB622A43F94009D8E27 = {
			isa = PBXGroup;
			children = (
				E7CC6EC122A43F94009D8E27 /* todoTaskIcon */,
				E7CC6EC022A43F94009D8E27 /* Products */,
			);
			sourceTree = "<group>";
		};
		E7CC6EC022A43F94009D8E27 /* Products */ = {
			isa = PBXGroup;
			children = (
				E7CC6EBF22A43F94009D8E27 /* todoTaskIcon.app */,
			);
			name = Products;
			sourceTree = "<group>";
		};
		E7CC6EC122A43F94009D8E27 /* todoTaskIcon */ = {
			isa = PBXGroup;
			children = (
				E7CC6EC222A43F94009D8E27 /* AppDelegate.swift */,
				E7CC6ED722A4417C009D8E27 /* HomeController.swift */,
				E7CC6ED822A4417C009D8E27 /* Protocols.swift */,
				E7EACCBC22B468F30063D9BD /* Main.storyboard */,
				E7CC6EDD22A4417C009D8E27 /* Variable.swift */,
				E7CC6ED922A4417C009D8E27 /* ViewerGroupe */,
				E7CC6ECC22A43F95009D8E27 /* Assets.xcassets */,
				E7CC6ECE22A43F95009D8E27 /* LaunchScreen.storyboard */,
				E7CC6ED122A43F95009D8E27 /* Info.plist */,
				E7CC6EC922A43F94009D8E27 /* todoTaskIcon.xcdatamodeld */,
			);
			path = todoTaskIcon;
			sourceTree = "<group>";
		};
		E7CC6ED922A4417C009D8E27 /* ViewerGroupe */ = {
			isa = PBXGroup;
			children = (
				E7CC6EDA22A4417C009D8E27 /* HomeView.swift */,
				E7CC6EDB22A4417C009D8E27 /* TaskInfo.swift */,
				E7CC6EDC22A4417C009D8E27 /* TaskMake.swift */,
			);
			name = ViewerGroupe;
			path = ../../TaskViewerApp/TaskViewerApp/ViewerGroupe;
			sourceTree = "<group>";
		};
/* End PBXGroup section */

/* Begin PBXNativeTarget section */
		E7CC6EBE22A43F94009D8E27 /* todoTaskIcon */ = {
			isa = PBXNativeTarget;
			buildConfigurationList = E7CC6ED422A43F95009D8E27 /* Build configuration list for PBXNativeTarget "todoTaskIcon" */;
			buildPhases = (
				E7CC6EBB22A43F94009D8E27 /* Sources */,
				E7CC6EBC22A43F94009D8E27 /* Frameworks */,
				E7CC6EBD22A43F94009D8E27 /* Resources */,
			);
			buildRules = (
			);
			dependencies = (
			);
			name = todoTaskIcon;
			productName = todoTaskIcon;
			productReference = E7CC6EBF22A43F94009D8E27 /* todoTaskIcon.app */;
			productType = "com.apple.product-type.application";
		};
/* End PBXNativeTarget section */

/* Begin PBXProject section */
		E7CC6EB722A43F94009D8E27 /* Project object */ = {
			isa = PBXProject;
			attributes = {
				LastSwiftUpdateCheck = 1020;
				LastUpgradeCheck = 1020;
				ORGANIZATIONNAME = "Keisuke Ueda";
				TargetAttributes = {
					E7CC6EBE22A43F94009D8E27 = {
						CreatedOnToolsVersion = 10.2.1;
					};
				};
			};
			buildConfigurationList = E7CC6EBA22A43F94009D8E27 /* Build configuration list for PBXProject "todoTaskIcon" */;
			compatibilityVersion = "Xcode 9.3";
			developmentRegion = en;
			hasScannedForEncodings = 0;
			knownRegions = (
				en,
				Base,
			);
			mainGroup = E7CC6EB622A43F94009D8E27;
			productRefGroup = E7CC6EC022A43F94009D8E27 /* Products */;
			projectDirPath = "";
			projectRoot = "";
			targets = (
				E7CC6EBE22A43F94009D8E27 /* todoTaskIcon */,
			);
		};
/* End PBXProject section */

/* Begin PBXResourcesBuildPhase section */
		E7CC6EBD22A43F94009D8E27 /* Resources */ = {
			isa = PBXResourcesBuildPhase;
			buildActionMask = 2147483647;
			files = (
				E7EACCBD22B468F30063D9BD /* Main.storyboard in Resources */,
				E7CC6ED022A43F95009D8E27 /* LaunchScreen.storyboard in Resources */,
				E7CC6ECD22A43F95009D8E27 /* Assets.xcassets in Resources */,
			);
			runOnlyForDeploymentPostprocessing = 0;
		};
/* End PBXResourcesBuildPhase section */

/* Begin PBXSourcesBuildPhase section */
		E7CC6EBB22A43F94009D8E27 /* Sources */ = {
			isa = PBXSourcesBuildPhase;
			buildActionMask = 2147483647;
			files = (
				E7CC6EDF22A4417C009D8E27 /* Protocols.swift in Sources */,
				E7CC6EE322A4417C009D8E27 /* Variable.swift in Sources */,
				E7CC6EDE22A4417C009D8E27 /* HomeController.swift in Sources */,
				E7CC6EE222A4417C009D8E27 /* TaskMake.swift in Sources */,
				E7CC6EE122A4417C009D8E27 /* TaskInfo.swift in Sources */,
				E7CC6EE022A4417C009D8E27 /* HomeView.swift in Sources */,
				E7CC6ECB22A43F94009D8E27 /* todoTaskIcon.xcdatamodeld in Sources */,
				E7CC6EC322A43F94009D8E27 /* AppDelegate.swift in Sources */,
			);
			runOnlyForDeploymentPostprocessing = 0;
		};
/* End PBXSourcesBuildPhase section */

/* Begin PBXVariantGroup section */
		E7CC6ECE22A43F95009D8E27 /* LaunchScreen.storyboard */ = {
			isa = PBXVariantGroup;
			children = (
				E7CC6ECF22A43F95009D8E27 /* Base */,
			);
			name = LaunchScreen.storyboard;
			sourceTree = "<group>";
		};
/* End PBXVariantGroup section */

/* Begin XCBuildConfiguration section */
		E7CC6ED222A43F95009D8E27 /* Debug */ = {
			isa = XCBuildConfiguration;
			buildSettings = {
				ALWAYS_SEARCH_USER_PATHS = NO;
				CLANG_ANALYZER_NONNULL = YES;
				CLANG_ANALYZER_NUMBER_OBJECT_CONVERSION = YES_AGGRESSIVE;
				CLANG_CXX_LANGUAGE_STANDARD = "gnu++14";
				CLANG_CXX_LIBRARY = "libc++";
				CLANG_ENABLE_MODULES = YES;
				CLANG_ENABLE_OBJC_ARC = YES;
				CLANG_ENABLE_OBJC_WEAK = YES;
				CLANG_WARN_BLOCK_CAPTURE_AUTORELEASING = YES;
				CLANG_WARN_BOOL_CONVERSION = YES;
				CLANG_WARN_COMMA = YES;
				CLANG_WARN_CONSTANT_CONVERSION = YES;
				CLANG_WARN_DEPRECATED_OBJC_IMPLEMENTATIONS = YES;
				CLANG_WARN_DIRECT_OBJC_ISA_USAGE = YES_ERROR;
				CLANG_WARN_DOCUMENTATION_COMMENTS = YES;
				CLANG_WARN_EMPTY_BODY = YES;
				CLANG_WARN_ENUM_CONVERSION = YES;
				CLANG_WARN_INFINITE_RECURSION = YES;
				CLANG_WARN_INT_CONVERSION = YES;
				CLANG_WARN_NON_LITERAL_NULL_CONVERSION = YES;
				CLANG_WARN_OBJC_IMPLICIT_RETAIN_SELF = YES;
				CLANG_WARN_OBJC_LITERAL_CONVERSION = YES;
				CLANG_WARN_OBJC_ROOT_CLASS = YES_ERROR;
				CLANG_WARN_RANGE_LOOP_ANALYSIS = YES;
				CLANG_WARN_STRICT_PROTOTYPES = YES;
				CLANG_WARN_SUSPICIOUS_MOVE = YES;
				CLANG_WARN_UNGUARDED_AVAILABILITY = YES_AGGRESSIVE;
				CLANG_WARN_UNREACHABLE_CODE = YES;
				CLANG_WARN__DUPLICATE_METHOD_MATCH = YES;
				CODE_SIGN_IDENTITY = "iPhone Developer";
				COPY_PHASE_STRIP = NO;
				DEBUG_INFORMATION_FORMAT = dwarf;
				ENABLE_STRICT_OBJC_MSGSEND = YES;
				ENABLE_TESTABILITY = YES;
				GCC_C_LANGUAGE_STANDARD = gnu11;
				GCC_DYNAMIC_NO_PIC = NO;
				GCC_NO_COMMON_BLOCKS = YES;
				GCC_OPTIMIZATION_LEVEL = 0;
				GCC_PREPROCESSOR_DEFINITIONS = (
					"DEBUG=1",
					"$(inherited)",
				);
				GCC_WARN_64_TO_32_BIT_CONVERSION = YES;
				GCC_WARN_ABOUT_RETURN_TYPE = YES_ERROR;
				GCC_WARN_UNDECLARED_SELECTOR = YES;
				GCC_WARN_UNINITIALIZED_AUTOS = YES_AGGRESSIVE;
				GCC_WARN_UNUSED_FUNCTION = YES;
				GCC_WARN_UNUSED_VARIABLE = YES;
				IPHONEOS_DEPLOYMENT_TARGET = 12.2;
				MTL_ENABLE_DEBUG_INFO = INCLUDE_SOURCE;
				MTL_FAST_MATH = YES;
				ONLY_ACTIVE_ARCH = YES;
				SDKROOT = iphoneos;
				SWIFT_ACTIVE_COMPILATION_CONDITIONS = DEBUG;
				SWIFT_OPTIMIZATION_LEVEL = "-Onone";
			};
			name = Debug;
		};
		E7CC6ED322A43F95009D8E27 /* Release */ = {
			isa = XCBuildConfiguration;
			buildSettings = {
				ALWAYS_SEARCH_USER_PATHS = NO;
				CLANG_ANALYZER_NONNULL = YES;
				CLANG_ANALYZER_NUMBER_OBJECT_CONVERSION = YES_AGGRESSIVE;
				CLANG_CXX_LANGUAGE_STANDARD = "gnu++14";
				CLANG_CXX_LIBRARY = "libc++";
				CLANG_ENABLE_MODULES = YES;
				CLANG_ENABLE_OBJC_ARC = YES;
				CLANG_ENABLE_OBJC_WEAK = YES;
				CLANG_WARN_BLOCK_CAPTURE_AUTORELEASING = YES;
				CLANG_WARN_BOOL_CONVERSION = YES;
				CLANG_WARN_COMMA = YES;
				CLANG_WARN_CONSTANT_CONVERSION = YES;
				CLANG_WARN_DEPRECATED_OBJC_IMPLEMENTATIONS = YES;
				CLANG_WARN_DIRECT_OBJC_ISA_USAGE = YES_ERROR;
				CLANG_WARN_DOCUMENTATION_COMMENTS = YES;
				CLANG_WARN_EMPTY_BODY = YES;
				CLANG_WARN_ENUM_CONVERSION = YES;
				CLANG_WARN_INFINITE_RECURSION = YES;
				CLANG_WARN_INT_CONVERSION = YES;
				CLANG_WARN_NON_LITERAL_NULL_CONVERSION = YES;
				CLANG_WARN_OBJC_IMPLICIT_RETAIN_SELF = YES;
				CLANG_WARN_OBJC_LITERAL_CONVERSION = YES;
				CLANG_WARN_OBJC_ROOT_CLASS = YES_ERROR;
				CLANG_WARN_RANGE_LOOP_ANALYSIS = YES;
				CLANG_WARN_STRICT_PROTOTYPES = YES;
				CLANG_WARN_SUSPICIOUS_MOVE = YES;
				CLANG_WARN_UNGUARDED_AVAILABILITY = YES_AGGRESSIVE;
				CLANG_WARN_UNREACHABLE_CODE = YES;
				CLANG_WARN__DUPLICATE_METHOD_MATCH = YES;
				CODE_SIGN_IDENTITY = "iPhone Developer";
				COPY_PHASE_STRIP = NO;
				DEBUG_INFORMATION_FORMAT = "dwarf-with-dsym";
				ENABLE_NS_ASSERTIONS = NO;
				ENABLE_STRICT_OBJC_MSGSEND = YES;
				GCC_C_LANGUAGE_STANDARD = gnu11;
				GCC_NO_COMMON_BLOCKS = YES;
				GCC_WARN_64_TO_32_BIT_CONVERSION = YES;
				GCC_WARN_ABOUT_RETURN_TYPE = YES_ERROR;
				GCC_WARN_UNDECLARED_SELECTOR = YES;
				GCC_WARN_UNINITIALIZED_AUTOS = YES_AGGRESSIVE;
				GCC_WARN_UNUSED_FUNCTION = YES;
				GCC_WARN_UNUSED_VARIABLE = YES;
				IPHONEOS_DEPLOYMENT_TARGET = 12.2;
				MTL_ENABLE_DEBUG_INFO = NO;
				MTL_FAST_MATH = YES;
				SDKROOT = iphoneos;
				SWIFT_COMPILATION_MODE = wholemodule;
				SWIFT_OPTIMIZATION_LEVEL = "-O";
				VALIDATE_PRODUCT = YES;
			};
			name = Release;
		};
		E7CC6ED522A43F95009D8E27 /* Debug */ = {
			isa = XCBuildConfiguration;
			buildSettings = {
				ASSETCATALOG_COMPILER_APPICON_NAME = AppIcon;
				CODE_SIGN_STYLE = Automatic;
				DEVELOPMENT_TEAM = D2B3JPR4TJ;
				INFOPLIST_FILE = todoTaskIcon/Info.plist;
				LD_RUNPATH_SEARCH_PATHS = (
					"$(inherited)",
					"@executable_path/Frameworks",
				);
				PRODUCT_BUNDLE_IDENTIFIER = jp.kei.todoTaskIcon;
				PRODUCT_NAME = "$(TARGET_NAME)";
				SWIFT_VERSION = 5.0;
				TARGETED_DEVICE_FAMILY = "1,2";
			};
			name = Debug;
		};
		E7CC6ED622A43F95009D8E27 /* Release */ = {
			isa = XCBuildConfiguration;
			buildSettings = {
				ASSETCATALOG_COMPILER_APPICON_NAME = AppIcon;
				CODE_SIGN_STYLE = Automatic;
				DEVELOPMENT_TEAM = D2B3JPR4TJ;
				INFOPLIST_FILE = todoTaskIcon/Info.plist;
				LD_RUNPATH_SEARCH_PATHS = (
					"$(inherited)",
					"@executable_path/Frameworks",
				);
				PRODUCT_BUNDLE_IDENTIFIER = jp.kei.todoTaskIcon;
				PRODUCT_NAME = "$(TARGET_NAME)";
				SWIFT_VERSION = 5.0;
				TARGETED_DEVICE_FAMILY = "1,2";
			};
			name = Release;
		};
/* End XCBuildConfiguration section */

/* Begin XCConfigurationList section */
		E7CC6EBA22A43F94009D8E27 /* Build configuration list for PBXProject "todoTaskIcon" */ = {
			isa = XCConfigurationList;
			buildConfigurations = (
				E7CC6ED222A43F95009D8E27 /* Debug */,
				E7CC6ED322A43F95009D8E27 /* Release */,
			);
			defaultConfigurationIsVisible = 0;
			defaultConfigurationName = Release;
		};
		E7CC6ED422A43F95009D8E27 /* Build configuration list for PBXNativeTarget "todoTaskIcon" */ = {
			isa = XCConfigurationList;
			buildConfigurations = (
				E7CC6ED522A43F95009D8E27 /* Debug */,
				E7CC6ED622A43F95009D8E27 /* Release */,
			);
			defaultConfigurationIsVisible = 0;
			defaultConfigurationName = Release;
		};
/* End XCConfigurationList section */

/* Begin XCVersionGroup section */
		E7CC6EC922A43F94009D8E27 /* todoTaskIcon.xcdatamodeld */ = {
			isa = XCVersionGroup;
			children = (
				E7CC6ECA22A43F94009D8E27 /* todoTaskIcon.xcdatamodel */,
			);
			currentVersion = E7CC6ECA22A43F94009D8E27 /* todoTaskIcon.xcdatamodel */;
			path = todoTaskIcon.xcdatamodeld;
			sourceTree = "<group>";
			versionGroupType = wrapper.xcdatamodel;
		};
/* End XCVersionGroup section */
	};
	rootObject = E7CC6EB722A43F94009D8E27 /* Project object */;
}
